// !$*UTF8*$!
{
	archiveVersion = 1;
	classes = {
	};
	objectVersion = 54;
	objects = {

/* Begin PBXBuildFile section */
		00E356F31AD99517003FC87E /* MeddoseTests.m in Sources */ = {isa = PBXBuildFile; fileRef = 00E356F21AD99517003FC87E /* MeddoseTests.m */; };
		13B07FBC1A68108700A75B9A /* AppDelegate.mm in Sources */ = {isa = PBXBuildFile; fileRef = 13B07FB01A68108700A75B9A /* AppDelegate.mm */; };
		13B07FBF1A68108700A75B9A /* Images.xcassets in Resources */ = {isa = PBXBuildFile; fileRef = 13B07FB51A68108700A75B9A /* Images.xcassets */; };
		13B07FC11A68108700A75B9A /* main.m in Sources */ = {isa = PBXBuildFile; fileRef = 13B07FB71A68108700A75B9A /* main.m */; };
		3026A16883D73227B6242EAB /* libPods-Meddose.a in Frameworks */ = {isa = PBXBuildFile; fileRef = 0C5087717D19B2D1F02A23C0 /* libPods-Meddose.a */; };
		5262E26ACD75442E8E60AFD7 /* Montserrat-Medium.ttf in Resources */ = {isa = PBXBuildFile; fileRef = AFDC047C77BD48BDB7F77AC0 /* Montserrat-Medium.ttf */; };
		60140FC82A025C08003556D0 /* MaterialIcons.ttf in Resources */ = {isa = PBXBuildFile; fileRef = 60140FC62A025C08003556D0 /* MaterialIcons.ttf */; };
		60140FC92A025C08003556D0 /* MaterialCommunityIcons.ttf in Resources */ = {isa = PBXBuildFile; fileRef = 60140FC72A025C08003556D0 /* MaterialCommunityIcons.ttf */; };
		60ED5DB92A0275230038F57B /* EvilIcons.ttf in Resources */ = {isa = PBXBuildFile; fileRef = 60ED5DB82A0275230038F57B /* EvilIcons.ttf */; };
		60ED5DC72A0276410038F57B /* Ionicons.ttf in Resources */ = {isa = PBXBuildFile; fileRef = 60ED5DBA2A0276410038F57B /* Ionicons.ttf */; };
		60ED5DC82A0276410038F57B /* Octicons.ttf in Resources */ = {isa = PBXBuildFile; fileRef = 60ED5DBB2A0276410038F57B /* Octicons.ttf */; };
		60ED5DC92A0276410038F57B /* FontAwesome5_Regular.ttf in Resources */ = {isa = PBXBuildFile; fileRef = 60ED5DBC2A0276410038F57B /* FontAwesome5_Regular.ttf */; };
		60ED5DCA2A0276410038F57B /* FontAwesome.ttf in Resources */ = {isa = PBXBuildFile; fileRef = 60ED5DBD2A0276410038F57B /* FontAwesome.ttf */; };
		60ED5DCB2A0276410038F57B /* Feather.ttf in Resources */ = {isa = PBXBuildFile; fileRef = 60ED5DBE2A0276410038F57B /* Feather.ttf */; };
		60ED5DCC2A0276410038F57B /* Zocial.ttf in Resources */ = {isa = PBXBuildFile; fileRef = 60ED5DBF2A0276410038F57B /* Zocial.ttf */; };
		60ED5DCD2A0276410038F57B /* FontAwesome5_Solid.ttf in Resources */ = {isa = PBXBuildFile; fileRef = 60ED5DC02A0276410038F57B /* FontAwesome5_Solid.ttf */; };
		60ED5DCE2A0276410038F57B /* Entypo.ttf in Resources */ = {isa = PBXBuildFile; fileRef = 60ED5DC12A0276410038F57B /* Entypo.ttf */; };
		60ED5DCF2A0276410038F57B /* FontAwesome5_Brands.ttf in Resources */ = {isa = PBXBuildFile; fileRef = 60ED5DC22A0276410038F57B /* FontAwesome5_Brands.ttf */; };
		60ED5DD02A0276410038F57B /* Foundation.ttf in Resources */ = {isa = PBXBuildFile; fileRef = 60ED5DC32A0276410038F57B /* Foundation.ttf */; };
		60ED5DD12A0276410038F57B /* Fontisto.ttf in Resources */ = {isa = PBXBuildFile; fileRef = 60ED5DC42A0276410038F57B /* Fontisto.ttf */; };
		60ED5DD22A0276410038F57B /* SimpleLineIcons.ttf in Resources */ = {isa = PBXBuildFile; fileRef = 60ED5DC52A0276410038F57B /* SimpleLineIcons.ttf */; };
		60ED5DD32A0276410038F57B /* AntDesign.ttf in Resources */ = {isa = PBXBuildFile; fileRef = 60ED5DC62A0276410038F57B /* AntDesign.ttf */; };
		60F96ADB2A124D47003BC903 /* NotificationService.m in Sources */ = {isa = PBXBuildFile; fileRef = 60F96ADA2A124D47003BC903 /* NotificationService.m */; };
		60F96ADF2A124D47003BC903 /* OneSignalNotificationServiceExtension.appex in Embed Foundation Extensions */ = {isa = PBXBuildFile; fileRef = 60F96AD72A124D47003BC903 /* OneSignalNotificationServiceExtension.appex */; settings = {ATTRIBUTES = (RemoveHeadersOnCopy, ); }; };
		62D8B48B5A7442E2AA46A2E8 /* Montserrat-Regular.ttf in Resources */ = {isa = PBXBuildFile; fileRef = 2C5BD18D4CD14AE0A0700F2A /* Montserrat-Regular.ttf */; };
		6E387D6420459F3F8D28A23F /* libPods-OneSignalNotificationServiceExtension.a in Frameworks */ = {isa = PBXBuildFile; fileRef = B25B8B7429A48BFEA353C093 /* libPods-OneSignalNotificationServiceExtension.a */; };
		81AB9BB82411601600AC10FF /* LaunchScreen.storyboard in Resources */ = {isa = PBXBuildFile; fileRef = 81AB9BB72411601600AC10FF /* LaunchScreen.storyboard */; };
		8FC1DCA9CF9C4AF3AE952518 /* Montserrat-SemiBold.ttf in Resources */ = {isa = PBXBuildFile; fileRef = 8F096ED98A6546E0B13CC3E6 /* Montserrat-SemiBold.ttf */; };
		AFA26AAE6FD44F71ADFAE9CE /* Montserrat-Light.ttf in Resources */ = {isa = PBXBuildFile; fileRef = 46F2A300780B481195C33DA4 /* Montserrat-Light.ttf */; };
		B6C24101E1A74E48B65A0249 /* Montserrat-Thin.ttf in Resources */ = {isa = PBXBuildFile; fileRef = 30A65AA79A30484CB065E124 /* Montserrat-Thin.ttf */; };
		CD4E9801480A44E9ACE12314 /* JM Poster Inline Regular.ttf in Resources */ = {isa = PBXBuildFile; fileRef = 75EA59A43F9B4F05B2E127E5 /* JM Poster Inline Regular.ttf */; };
		D6DD67312FAB4F6799B4BFA9 /* Montserrat-Black.ttf in Resources */ = {isa = PBXBuildFile; fileRef = EC00ED9C2E8E4DF192334CB4 /* Montserrat-Black.ttf */; };
		DFE21B9818391D762D44AB44 /* libPods-Meddose-MeddoseTests.a in Frameworks */ = {isa = PBXBuildFile; fileRef = F6CBF898135B20721A7E280C /* libPods-Meddose-MeddoseTests.a */; };
/* End PBXBuildFile section */

/* Begin PBXContainerItemProxy section */
		00E356F41AD99517003FC87E /* PBXContainerItemProxy */ = {
			isa = PBXContainerItemProxy;
			containerPortal = 83CBB9F71A601CBA00E9B192 /* Project object */;
			proxyType = 1;
			remoteGlobalIDString = 13B07F861A680F5B00A75B9A;
			remoteInfo = Meddose;
		};
		60F96ADD2A124D47003BC903 /* PBXContainerItemProxy */ = {
			isa = PBXContainerItemProxy;
			containerPortal = 83CBB9F71A601CBA00E9B192 /* Project object */;
			proxyType = 1;
			remoteGlobalIDString = 60F96AD62A124D47003BC903;
			remoteInfo = OneSignalNotificationServiceExtension;
		};
/* End PBXContainerItemProxy section */

/* Begin PBXCopyFilesBuildPhase section */
		60F96AE32A124D47003BC903 /* Embed Foundation Extensions */ = {
			isa = PBXCopyFilesBuildPhase;
			buildActionMask = 2147483647;
			dstPath = "";
			dstSubfolderSpec = 13;
			files = (
				60F96ADF2A124D47003BC903 /* OneSignalNotificationServiceExtension.appex in Embed Foundation Extensions */,
			);
			name = "Embed Foundation Extensions";
			runOnlyForDeploymentPostprocessing = 0;
		};
/* End PBXCopyFilesBuildPhase section */

/* Begin PBXFileReference section */
		00E356EE1AD99517003FC87E /* MeddoseTests.xctest */ = {isa = PBXFileReference; explicitFileType = wrapper.cfbundle; includeInIndex = 0; path = MeddoseTests.xctest; sourceTree = BUILT_PRODUCTS_DIR; };
		00E356F11AD99517003FC87E /* Info.plist */ = {isa = PBXFileReference; lastKnownFileType = text.plist.xml; path = Info.plist; sourceTree = "<group>"; };
		00E356F21AD99517003FC87E /* MeddoseTests.m */ = {isa = PBXFileReference; lastKnownFileType = sourcecode.c.objc; path = MeddoseTests.m; sourceTree = "<group>"; };
		0C5087717D19B2D1F02A23C0 /* libPods-Meddose.a */ = {isa = PBXFileReference; explicitFileType = archive.ar; includeInIndex = 0; path = "libPods-Meddose.a"; sourceTree = BUILT_PRODUCTS_DIR; };
		0C559CF601A9C337CC27DEF5 /* Pods-Meddose.debug.xcconfig */ = {isa = PBXFileReference; includeInIndex = 1; lastKnownFileType = text.xcconfig; name = "Pods-Meddose.debug.xcconfig"; path = "Target Support Files/Pods-Meddose/Pods-Meddose.debug.xcconfig"; sourceTree = "<group>"; };
		13B07F961A680F5B00A75B9A /* Meddose.app */ = {isa = PBXFileReference; explicitFileType = wrapper.application; includeInIndex = 0; path = Meddose.app; sourceTree = BUILT_PRODUCTS_DIR; };
		13B07FAF1A68108700A75B9A /* AppDelegate.h */ = {isa = PBXFileReference; fileEncoding = 4; lastKnownFileType = sourcecode.c.h; name = AppDelegate.h; path = Meddose/AppDelegate.h; sourceTree = "<group>"; };
		13B07FB01A68108700A75B9A /* AppDelegate.mm */ = {isa = PBXFileReference; fileEncoding = 4; lastKnownFileType = sourcecode.cpp.objcpp; name = AppDelegate.mm; path = Meddose/AppDelegate.mm; sourceTree = "<group>"; };
		13B07FB51A68108700A75B9A /* Images.xcassets */ = {isa = PBXFileReference; lastKnownFileType = folder.assetcatalog; name = Images.xcassets; path = Meddose/Images.xcassets; sourceTree = "<group>"; };
		13B07FB61A68108700A75B9A /* Info.plist */ = {isa = PBXFileReference; fileEncoding = 4; lastKnownFileType = text.plist.xml; name = Info.plist; path = Meddose/Info.plist; sourceTree = "<group>"; };
		13B07FB71A68108700A75B9A /* main.m */ = {isa = PBXFileReference; fileEncoding = 4; lastKnownFileType = sourcecode.c.objc; name = main.m; path = Meddose/main.m; sourceTree = "<group>"; };
		2C5BD18D4CD14AE0A0700F2A /* Montserrat-Regular.ttf */ = {isa = PBXFileReference; explicitFileType = undefined; fileEncoding = 9; includeInIndex = 0; lastKnownFileType = unknown; name = "Montserrat-Regular.ttf"; path = "../src/assets/fonts/Montserrat-Regular.ttf"; sourceTree = "<group>"; };
		30A65AA79A30484CB065E124 /* Montserrat-Thin.ttf */ = {isa = PBXFileReference; explicitFileType = undefined; fileEncoding = 9; includeInIndex = 0; lastKnownFileType = unknown; name = "Montserrat-Thin.ttf"; path = "../src/assets/fonts/Montserrat-Thin.ttf"; sourceTree = "<group>"; };
		46F2A300780B481195C33DA4 /* Montserrat-Light.ttf */ = {isa = PBXFileReference; explicitFileType = undefined; fileEncoding = 9; includeInIndex = 0; lastKnownFileType = unknown; name = "Montserrat-Light.ttf"; path = "../src/assets/fonts/Montserrat-Light.ttf"; sourceTree = "<group>"; };
		60140FC62A025C08003556D0 /* MaterialIcons.ttf */ = {isa = PBXFileReference; lastKnownFileType = file; name = MaterialIcons.ttf; path = ../src/assets/fonts/MaterialIcons.ttf; sourceTree = "<group>"; };
		60140FC72A025C08003556D0 /* MaterialCommunityIcons.ttf */ = {isa = PBXFileReference; lastKnownFileType = file; name = MaterialCommunityIcons.ttf; path = ../src/assets/fonts/MaterialCommunityIcons.ttf; sourceTree = "<group>"; };
		60ED5DB82A0275230038F57B /* EvilIcons.ttf */ = {isa = PBXFileReference; lastKnownFileType = file; name = EvilIcons.ttf; path = ../src/assets/fonts/EvilIcons.ttf; sourceTree = "<group>"; };
		60ED5DBA2A0276410038F57B /* Ionicons.ttf */ = {isa = PBXFileReference; lastKnownFileType = file; name = Ionicons.ttf; path = ../src/assets/fonts/Ionicons.ttf; sourceTree = "<group>"; };
		60ED5DBB2A0276410038F57B /* Octicons.ttf */ = {isa = PBXFileReference; lastKnownFileType = file; name = Octicons.ttf; path = ../src/assets/fonts/Octicons.ttf; sourceTree = "<group>"; };
		60ED5DBC2A0276410038F57B /* FontAwesome5_Regular.ttf */ = {isa = PBXFileReference; lastKnownFileType = file; name = FontAwesome5_Regular.ttf; path = ../src/assets/fonts/FontAwesome5_Regular.ttf; sourceTree = "<group>"; };
		60ED5DBD2A0276410038F57B /* FontAwesome.ttf */ = {isa = PBXFileReference; lastKnownFileType = file; name = FontAwesome.ttf; path = ../src/assets/fonts/FontAwesome.ttf; sourceTree = "<group>"; };
		60ED5DBE2A0276410038F57B /* Feather.ttf */ = {isa = PBXFileReference; lastKnownFileType = file; name = Feather.ttf; path = ../src/assets/fonts/Feather.ttf; sourceTree = "<group>"; };
		60ED5DBF2A0276410038F57B /* Zocial.ttf */ = {isa = PBXFileReference; lastKnownFileType = file; name = Zocial.ttf; path = ../src/assets/fonts/Zocial.ttf; sourceTree = "<group>"; };
		60ED5DC02A0276410038F57B /* FontAwesome5_Solid.ttf */ = {isa = PBXFileReference; lastKnownFileType = file; name = FontAwesome5_Solid.ttf; path = ../src/assets/fonts/FontAwesome5_Solid.ttf; sourceTree = "<group>"; };
		60ED5DC12A0276410038F57B /* Entypo.ttf */ = {isa = PBXFileReference; lastKnownFileType = file; name = Entypo.ttf; path = ../src/assets/fonts/Entypo.ttf; sourceTree = "<group>"; };
		60ED5DC22A0276410038F57B /* FontAwesome5_Brands.ttf */ = {isa = PBXFileReference; lastKnownFileType = file; name = FontAwesome5_Brands.ttf; path = ../src/assets/fonts/FontAwesome5_Brands.ttf; sourceTree = "<group>"; };
		60ED5DC32A0276410038F57B /* Foundation.ttf */ = {isa = PBXFileReference; lastKnownFileType = file; name = Foundation.ttf; path = ../src/assets/fonts/Foundation.ttf; sourceTree = "<group>"; };
		60ED5DC42A0276410038F57B /* Fontisto.ttf */ = {isa = PBXFileReference; lastKnownFileType = file; name = Fontisto.ttf; path = ../src/assets/fonts/Fontisto.ttf; sourceTree = "<group>"; };
		60ED5DC52A0276410038F57B /* SimpleLineIcons.ttf */ = {isa = PBXFileReference; lastKnownFileType = file; name = SimpleLineIcons.ttf; path = ../src/assets/fonts/SimpleLineIcons.ttf; sourceTree = "<group>"; };
		60ED5DC62A0276410038F57B /* AntDesign.ttf */ = {isa = PBXFileReference; lastKnownFileType = file; name = AntDesign.ttf; path = ../src/assets/fonts/AntDesign.ttf; sourceTree = "<group>"; };
		60F96AD22A124CE4003BC903 /* Meddose.entitlements */ = {isa = PBXFileReference; lastKnownFileType = text.plist.entitlements; name = Meddose.entitlements; path = Meddose/Meddose.entitlements; sourceTree = "<group>"; };
		60F96AD72A124D47003BC903 /* OneSignalNotificationServiceExtension.appex */ = {isa = PBXFileReference; explicitFileType = "wrapper.app-extension"; includeInIndex = 0; path = OneSignalNotificationServiceExtension.appex; sourceTree = BUILT_PRODUCTS_DIR; };
		60F96AD92A124D47003BC903 /* NotificationService.h */ = {isa = PBXFileReference; lastKnownFileType = sourcecode.c.h; path = NotificationService.h; sourceTree = "<group>"; };
		60F96ADA2A124D47003BC903 /* NotificationService.m */ = {isa = PBXFileReference; lastKnownFileType = sourcecode.c.objc; path = NotificationService.m; sourceTree = "<group>"; };
		60F96ADC2A124D47003BC903 /* Info.plist */ = {isa = PBXFileReference; lastKnownFileType = text.plist.xml; path = Info.plist; sourceTree = "<group>"; };
		60F96AE42A124F63003BC903 /* OneSignalNotificationServiceExtension.entitlements */ = {isa = PBXFileReference; lastKnownFileType = text.plist.entitlements; path = OneSignalNotificationServiceExtension.entitlements; sourceTree = "<group>"; };
		618C1176DEF6CCBC628A6B74 /* Pods-Meddose-MeddoseTests.release.xcconfig */ = {isa = PBXFileReference; includeInIndex = 1; lastKnownFileType = text.xcconfig; name = "Pods-Meddose-MeddoseTests.release.xcconfig"; path = "Target Support Files/Pods-Meddose-MeddoseTests/Pods-Meddose-MeddoseTests.release.xcconfig"; sourceTree = "<group>"; };
		72922FF7080F5A6D1547F5F7 /* Pods-OneSignalNotificationServiceExtension.debug.xcconfig */ = {isa = PBXFileReference; includeInIndex = 1; lastKnownFileType = text.xcconfig; name = "Pods-OneSignalNotificationServiceExtension.debug.xcconfig"; path = "Target Support Files/Pods-OneSignalNotificationServiceExtension/Pods-OneSignalNotificationServiceExtension.debug.xcconfig"; sourceTree = "<group>"; };
		75EA59A43F9B4F05B2E127E5 /* JM Poster Inline Regular.ttf */ = {isa = PBXFileReference; explicitFileType = undefined; fileEncoding = 9; includeInIndex = 0; lastKnownFileType = unknown; name = "JM Poster Inline Regular.ttf"; path = "../src/assets/fonts/JM Poster Inline Regular.ttf"; sourceTree = "<group>"; };
		81AB9BB72411601600AC10FF /* LaunchScreen.storyboard */ = {isa = PBXFileReference; fileEncoding = 4; lastKnownFileType = file.storyboard; name = LaunchScreen.storyboard; path = Meddose/LaunchScreen.storyboard; sourceTree = "<group>"; };
		8F096ED98A6546E0B13CC3E6 /* Montserrat-SemiBold.ttf */ = {isa = PBXFileReference; explicitFileType = undefined; fileEncoding = 9; includeInIndex = 0; lastKnownFileType = unknown; name = "Montserrat-SemiBold.ttf"; path = "../src/assets/fonts/Montserrat-SemiBold.ttf"; sourceTree = "<group>"; };
		AFDC047C77BD48BDB7F77AC0 /* Montserrat-Medium.ttf */ = {isa = PBXFileReference; explicitFileType = undefined; fileEncoding = 9; includeInIndex = 0; lastKnownFileType = unknown; name = "Montserrat-Medium.ttf"; path = "../src/assets/fonts/Montserrat-Medium.ttf"; sourceTree = "<group>"; };
		B25B8B7429A48BFEA353C093 /* libPods-OneSignalNotificationServiceExtension.a */ = {isa = PBXFileReference; explicitFileType = archive.ar; includeInIndex = 0; path = "libPods-OneSignalNotificationServiceExtension.a"; sourceTree = BUILT_PRODUCTS_DIR; };
		C17FED27FB7928320413B63C /* Pods-OneSignalNotificationServiceExtension.release.xcconfig */ = {isa = PBXFileReference; includeInIndex = 1; lastKnownFileType = text.xcconfig; name = "Pods-OneSignalNotificationServiceExtension.release.xcconfig"; path = "Target Support Files/Pods-OneSignalNotificationServiceExtension/Pods-OneSignalNotificationServiceExtension.release.xcconfig"; sourceTree = "<group>"; };
		C4CB75CD902A55BCD5D0C5DF /* Pods-Meddose.release.xcconfig */ = {isa = PBXFileReference; includeInIndex = 1; lastKnownFileType = text.xcconfig; name = "Pods-Meddose.release.xcconfig"; path = "Target Support Files/Pods-Meddose/Pods-Meddose.release.xcconfig"; sourceTree = "<group>"; };
		E05F6D41F8436CE97BC14925 /* Pods-Meddose-MeddoseTests.debug.xcconfig */ = {isa = PBXFileReference; includeInIndex = 1; lastKnownFileType = text.xcconfig; name = "Pods-Meddose-MeddoseTests.debug.xcconfig"; path = "Target Support Files/Pods-Meddose-MeddoseTests/Pods-Meddose-MeddoseTests.debug.xcconfig"; sourceTree = "<group>"; };
		EC00ED9C2E8E4DF192334CB4 /* Montserrat-Black.ttf */ = {isa = PBXFileReference; explicitFileType = undefined; fileEncoding = 9; includeInIndex = 0; lastKnownFileType = unknown; name = "Montserrat-Black.ttf"; path = "../src/assets/fonts/Montserrat-Black.ttf"; sourceTree = "<group>"; };
		ED297162215061F000B7C4FE /* JavaScriptCore.framework */ = {isa = PBXFileReference; lastKnownFileType = wrapper.framework; name = JavaScriptCore.framework; path = System/Library/Frameworks/JavaScriptCore.framework; sourceTree = SDKROOT; };
		F6CBF898135B20721A7E280C /* libPods-Meddose-MeddoseTests.a */ = {isa = PBXFileReference; explicitFileType = archive.ar; includeInIndex = 0; path = "libPods-Meddose-MeddoseTests.a"; sourceTree = BUILT_PRODUCTS_DIR; };
/* End PBXFileReference section */

/* Begin PBXFrameworksBuildPhase section */
		00E356EB1AD99517003FC87E /* Frameworks */ = {
			isa = PBXFrameworksBuildPhase;
			buildActionMask = 2147483647;
			files = (
				DFE21B9818391D762D44AB44 /* libPods-Meddose-MeddoseTests.a in Frameworks */,
			);
			runOnlyForDeploymentPostprocessing = 0;
		};
		13B07F8C1A680F5B00A75B9A /* Frameworks */ = {
			isa = PBXFrameworksBuildPhase;
			buildActionMask = 2147483647;
			files = (
				3026A16883D73227B6242EAB /* libPods-Meddose.a in Frameworks */,
			);
			runOnlyForDeploymentPostprocessing = 0;
		};
		60F96AD42A124D47003BC903 /* Frameworks */ = {
			isa = PBXFrameworksBuildPhase;
			buildActionMask = 2147483647;
			files = (
				6E387D6420459F3F8D28A23F /* libPods-OneSignalNotificationServiceExtension.a in Frameworks */,
			);
			runOnlyForDeploymentPostprocessing = 0;
		};
/* End PBXFrameworksBuildPhase section */

/* Begin PBXGroup section */
		00E356EF1AD99517003FC87E /* MeddoseTests */ = {
			isa = PBXGroup;
			children = (
				00E356F21AD99517003FC87E /* MeddoseTests.m */,
				00E356F01AD99517003FC87E /* Supporting Files */,
			);
			path = MeddoseTests;
			sourceTree = "<group>";
		};
		00E356F01AD99517003FC87E /* Supporting Files */ = {
			isa = PBXGroup;
			children = (
				00E356F11AD99517003FC87E /* Info.plist */,
			);
			name = "Supporting Files";
			sourceTree = "<group>";
		};
		13B07FAE1A68108700A75B9A /* Meddose */ = {
			isa = PBXGroup;
			children = (
				60F96AD22A124CE4003BC903 /* Meddose.entitlements */,
				13B07FAF1A68108700A75B9A /* AppDelegate.h */,
				13B07FB01A68108700A75B9A /* AppDelegate.mm */,
				13B07FB51A68108700A75B9A /* Images.xcassets */,
				13B07FB61A68108700A75B9A /* Info.plist */,
				81AB9BB72411601600AC10FF /* LaunchScreen.storyboard */,
				13B07FB71A68108700A75B9A /* main.m */,
			);
			name = Meddose;
			sourceTree = "<group>";
		};
		2D16E6871FA4F8E400B85C8A /* Frameworks */ = {
			isa = PBXGroup;
			children = (
				ED297162215061F000B7C4FE /* JavaScriptCore.framework */,
				0C5087717D19B2D1F02A23C0 /* libPods-Meddose.a */,
				F6CBF898135B20721A7E280C /* libPods-Meddose-MeddoseTests.a */,
				B25B8B7429A48BFEA353C093 /* libPods-OneSignalNotificationServiceExtension.a */,
			);
			name = Frameworks;
			sourceTree = "<group>";
		};
		60F96AD82A124D47003BC903 /* OneSignalNotificationServiceExtension */ = {
			isa = PBXGroup;
			children = (
				60F96AE42A124F63003BC903 /* OneSignalNotificationServiceExtension.entitlements */,
				60F96AD92A124D47003BC903 /* NotificationService.h */,
				60F96ADA2A124D47003BC903 /* NotificationService.m */,
				60F96ADC2A124D47003BC903 /* Info.plist */,
			);
			path = OneSignalNotificationServiceExtension;
			sourceTree = "<group>";
		};
		78F82BDD0548403DBB65B462 /* Resources */ = {
			isa = PBXGroup;
			children = (
				60ED5DC62A0276410038F57B /* AntDesign.ttf */,
				60ED5DC12A0276410038F57B /* Entypo.ttf */,
				60ED5DBE2A0276410038F57B /* Feather.ttf */,
				60ED5DBD2A0276410038F57B /* FontAwesome.ttf */,
				60ED5DC22A0276410038F57B /* FontAwesome5_Brands.ttf */,
				60ED5DBC2A0276410038F57B /* FontAwesome5_Regular.ttf */,
				60ED5DC02A0276410038F57B /* FontAwesome5_Solid.ttf */,
				60ED5DC42A0276410038F57B /* Fontisto.ttf */,
				60ED5DC32A0276410038F57B /* Foundation.ttf */,
				60ED5DBA2A0276410038F57B /* Ionicons.ttf */,
				60ED5DBB2A0276410038F57B /* Octicons.ttf */,
				60ED5DC52A0276410038F57B /* SimpleLineIcons.ttf */,
				60ED5DBF2A0276410038F57B /* Zocial.ttf */,
				60ED5DB82A0275230038F57B /* EvilIcons.ttf */,
				60140FC72A025C08003556D0 /* MaterialCommunityIcons.ttf */,
				60140FC62A025C08003556D0 /* MaterialIcons.ttf */,
				75EA59A43F9B4F05B2E127E5 /* JM Poster Inline Regular.ttf */,
				EC00ED9C2E8E4DF192334CB4 /* Montserrat-Black.ttf */,
				46F2A300780B481195C33DA4 /* Montserrat-Light.ttf */,
				AFDC047C77BD48BDB7F77AC0 /* Montserrat-Medium.ttf */,
				2C5BD18D4CD14AE0A0700F2A /* Montserrat-Regular.ttf */,
				8F096ED98A6546E0B13CC3E6 /* Montserrat-SemiBold.ttf */,
				30A65AA79A30484CB065E124 /* Montserrat-Thin.ttf */,
			);
			name = Resources;
			sourceTree = "<group>";
		};
		832341AE1AAA6A7D00B99B32 /* Libraries */ = {
			isa = PBXGroup;
			children = (
			);
			name = Libraries;
			sourceTree = "<group>";
		};
		83CBB9F61A601CBA00E9B192 = {
			isa = PBXGroup;
			children = (
				13B07FAE1A68108700A75B9A /* Meddose */,
				832341AE1AAA6A7D00B99B32 /* Libraries */,
				00E356EF1AD99517003FC87E /* MeddoseTests */,
				60F96AD82A124D47003BC903 /* OneSignalNotificationServiceExtension */,
				83CBBA001A601CBA00E9B192 /* Products */,
				2D16E6871FA4F8E400B85C8A /* Frameworks */,
				BBD78D7AC51CEA395F1C20DB /* Pods */,
				78F82BDD0548403DBB65B462 /* Resources */,
			);
			indentWidth = 2;
			sourceTree = "<group>";
			tabWidth = 2;
			usesTabs = 0;
		};
		83CBBA001A601CBA00E9B192 /* Products */ = {
			isa = PBXGroup;
			children = (
				13B07F961A680F5B00A75B9A /* Meddose.app */,
				00E356EE1AD99517003FC87E /* MeddoseTests.xctest */,
				60F96AD72A124D47003BC903 /* OneSignalNotificationServiceExtension.appex */,
			);
			name = Products;
			sourceTree = "<group>";
		};
		BBD78D7AC51CEA395F1C20DB /* Pods */ = {
			isa = PBXGroup;
			children = (
				0C559CF601A9C337CC27DEF5 /* Pods-Meddose.debug.xcconfig */,
				C4CB75CD902A55BCD5D0C5DF /* Pods-Meddose.release.xcconfig */,
				E05F6D41F8436CE97BC14925 /* Pods-Meddose-MeddoseTests.debug.xcconfig */,
				618C1176DEF6CCBC628A6B74 /* Pods-Meddose-MeddoseTests.release.xcconfig */,
				72922FF7080F5A6D1547F5F7 /* Pods-OneSignalNotificationServiceExtension.debug.xcconfig */,
				C17FED27FB7928320413B63C /* Pods-OneSignalNotificationServiceExtension.release.xcconfig */,
			);
			path = Pods;
			sourceTree = "<group>";
		};
/* End PBXGroup section */

/* Begin PBXNativeTarget section */
		00E356ED1AD99517003FC87E /* MeddoseTests */ = {
			isa = PBXNativeTarget;
			buildConfigurationList = 00E357021AD99517003FC87E /* Build configuration list for PBXNativeTarget "MeddoseTests" */;
			buildPhases = (
				E3A967431537D8838C1D9708 /* [CP] Check Pods Manifest.lock */,
				00E356EA1AD99517003FC87E /* Sources */,
				00E356EB1AD99517003FC87E /* Frameworks */,
				00E356EC1AD99517003FC87E /* Resources */,
				D752E67FF54EE2C8A7C2D518 /* [CP] Embed Pods Frameworks */,
				85DD84CF22D2953BF1002960 /* [CP] Copy Pods Resources */,
			);
			buildRules = (
			);
			dependencies = (
				00E356F51AD99517003FC87E /* PBXTargetDependency */,
			);
			name = MeddoseTests;
			productName = MeddoseTests;
			productReference = 00E356EE1AD99517003FC87E /* MeddoseTests.xctest */;
			productType = "com.apple.product-type.bundle.unit-test";
		};
		13B07F861A680F5B00A75B9A /* Meddose */ = {
			isa = PBXNativeTarget;
			buildConfigurationList = 13B07F931A680F5B00A75B9A /* Build configuration list for PBXNativeTarget "Meddose" */;
			buildPhases = (
				A4D906751495E8730815B3D1 /* [CP] Check Pods Manifest.lock */,
				FD10A7F022414F080027D42C /* Start Packager */,
				13B07F871A680F5B00A75B9A /* Sources */,
				13B07F8C1A680F5B00A75B9A /* Frameworks */,
				13B07F8E1A680F5B00A75B9A /* Resources */,
				00DD1BFF1BD5951E006B06BC /* Bundle React Native code and images */,
				60F96AE32A124D47003BC903 /* Embed Foundation Extensions */,
				77E7316F3AD6C9BCBB6DF131 /* [CP] Embed Pods Frameworks */,
				5CA26AD669F45552BE5E5CC8 /* [CP] Copy Pods Resources */,
			);
			buildRules = (
			);
			dependencies = (
				60F96ADE2A124D47003BC903 /* PBXTargetDependency */,
			);
			name = Meddose;
			productName = Meddose;
			productReference = 13B07F961A680F5B00A75B9A /* Meddose.app */;
			productType = "com.apple.product-type.application";
		};
		60F96AD62A124D47003BC903 /* OneSignalNotificationServiceExtension */ = {
			isa = PBXNativeTarget;
			buildConfigurationList = 60F96AE02A124D47003BC903 /* Build configuration list for PBXNativeTarget "OneSignalNotificationServiceExtension" */;
			buildPhases = (
				1897CA8597CD0C94E87ABBA7 /* [CP] Check Pods Manifest.lock */,
				60F96AD32A124D47003BC903 /* Sources */,
				60F96AD42A124D47003BC903 /* Frameworks */,
				60F96AD52A124D47003BC903 /* Resources */,
			);
			buildRules = (
			);
			dependencies = (
			);
			name = OneSignalNotificationServiceExtension;
			productName = OneSignalNotificationServiceExtension;
			productReference = 60F96AD72A124D47003BC903 /* OneSignalNotificationServiceExtension.appex */;
			productType = "com.apple.product-type.app-extension";
		};
/* End PBXNativeTarget section */

/* Begin PBXProject section */
		83CBB9F71A601CBA00E9B192 /* Project object */ = {
			isa = PBXProject;
			attributes = {
				LastUpgradeCheck = 1210;
				TargetAttributes = {
					00E356ED1AD99517003FC87E = {
						CreatedOnToolsVersion = 6.2;
						TestTargetID = 13B07F861A680F5B00A75B9A;
					};
					13B07F861A680F5B00A75B9A = {
						LastSwiftMigration = 1120;
					};
					60F96AD62A124D47003BC903 = {
						CreatedOnToolsVersion = 14.2;
					};
				};
			};
			buildConfigurationList = 83CBB9FA1A601CBA00E9B192 /* Build configuration list for PBXProject "meddose" */;
			compatibilityVersion = "Xcode 12.0";
			developmentRegion = en;
			hasScannedForEncodings = 0;
			knownRegions = (
				en,
				Base,
			);
			mainGroup = 83CBB9F61A601CBA00E9B192;
			productRefGroup = 83CBBA001A601CBA00E9B192 /* Products */;
			projectDirPath = "";
			projectRoot = "";
			targets = (
				13B07F861A680F5B00A75B9A /* Meddose */,
				00E356ED1AD99517003FC87E /* MeddoseTests */,
				60F96AD62A124D47003BC903 /* OneSignalNotificationServiceExtension */,
			);
		};
/* End PBXProject section */

/* Begin PBXResourcesBuildPhase section */
		00E356EC1AD99517003FC87E /* Resources */ = {
			isa = PBXResourcesBuildPhase;
			buildActionMask = 2147483647;
			files = (
			);
			runOnlyForDeploymentPostprocessing = 0;
		};
		13B07F8E1A680F5B00A75B9A /* Resources */ = {
			isa = PBXResourcesBuildPhase;
			buildActionMask = 2147483647;
			files = (
				60ED5DC72A0276410038F57B /* Ionicons.ttf in Resources */,
				81AB9BB82411601600AC10FF /* LaunchScreen.storyboard in Resources */,
				60ED5DD12A0276410038F57B /* Fontisto.ttf in Resources */,
				60ED5DB92A0275230038F57B /* EvilIcons.ttf in Resources */,
				60ED5DD32A0276410038F57B /* AntDesign.ttf in Resources */,
				60ED5DCA2A0276410038F57B /* FontAwesome.ttf in Resources */,
				60ED5DD22A0276410038F57B /* SimpleLineIcons.ttf in Resources */,
				60ED5DCC2A0276410038F57B /* Zocial.ttf in Resources */,
				60ED5DD02A0276410038F57B /* Foundation.ttf in Resources */,
				60140FC92A025C08003556D0 /* MaterialCommunityIcons.ttf in Resources */,
				13B07FBF1A68108700A75B9A /* Images.xcassets in Resources */,
				60140FC82A025C08003556D0 /* MaterialIcons.ttf in Resources */,
				60ED5DCD2A0276410038F57B /* FontAwesome5_Solid.ttf in Resources */,
				CD4E9801480A44E9ACE12314 /* JM Poster Inline Regular.ttf in Resources */,
				D6DD67312FAB4F6799B4BFA9 /* Montserrat-Black.ttf in Resources */,
				AFA26AAE6FD44F71ADFAE9CE /* Montserrat-Light.ttf in Resources */,
				60ED5DCF2A0276410038F57B /* FontAwesome5_Brands.ttf in Resources */,
				60ED5DCB2A0276410038F57B /* Feather.ttf in Resources */,
				60ED5DCE2A0276410038F57B /* Entypo.ttf in Resources */,
				5262E26ACD75442E8E60AFD7 /* Montserrat-Medium.ttf in Resources */,
				60ED5DC82A0276410038F57B /* Octicons.ttf in Resources */,
				62D8B48B5A7442E2AA46A2E8 /* Montserrat-Regular.ttf in Resources */,
				60ED5DC92A0276410038F57B /* FontAwesome5_Regular.ttf in Resources */,
				8FC1DCA9CF9C4AF3AE952518 /* Montserrat-SemiBold.ttf in Resources */,
				B6C24101E1A74E48B65A0249 /* Montserrat-Thin.ttf in Resources */,
			);
			runOnlyForDeploymentPostprocessing = 0;
		};
		60F96AD52A124D47003BC903 /* Resources */ = {
			isa = PBXResourcesBuildPhase;
			buildActionMask = 2147483647;
			files = (
			);
			runOnlyForDeploymentPostprocessing = 0;
		};
/* End PBXResourcesBuildPhase section */

/* Begin PBXShellScriptBuildPhase section */
		00DD1BFF1BD5951E006B06BC /* Bundle React Native code and images */ = {
			isa = PBXShellScriptBuildPhase;
			buildActionMask = 2147483647;
			files = (
			);
			inputPaths = (
				"$(SRCROOT)/.xcode.env.local",
				"$(SRCROOT)/.xcode.env",
			);
			name = "Bundle React Native code and images";
			outputPaths = (
			);
			runOnlyForDeploymentPostprocessing = 0;
			shellPath = /bin/sh;
			shellScript = "set -e\n\nWITH_ENVIRONMENT=\"../node_modules/react-native/scripts/xcode/with-environment.sh\"\nREACT_NATIVE_XCODE=\"../node_modules/react-native/scripts/react-native-xcode.sh\"\n\n/bin/sh -c \"$WITH_ENVIRONMENT $REACT_NATIVE_XCODE\"\n";
		};
		1897CA8597CD0C94E87ABBA7 /* [CP] Check Pods Manifest.lock */ = {
			isa = PBXShellScriptBuildPhase;
			buildActionMask = 2147483647;
			files = (
			);
			inputFileListPaths = (
			);
			inputPaths = (
				"${PODS_PODFILE_DIR_PATH}/Podfile.lock",
				"${PODS_ROOT}/Manifest.lock",
			);
			name = "[CP] Check Pods Manifest.lock";
			outputFileListPaths = (
			);
			outputPaths = (
				"$(DERIVED_FILE_DIR)/Pods-OneSignalNotificationServiceExtension-checkManifestLockResult.txt",
			);
			runOnlyForDeploymentPostprocessing = 0;
			shellPath = /bin/sh;
			shellScript = "diff \"${PODS_PODFILE_DIR_PATH}/Podfile.lock\" \"${PODS_ROOT}/Manifest.lock\" > /dev/null\nif [ $? != 0 ] ; then\n    # print error to STDERR\n    echo \"error: The sandbox is not in sync with the Podfile.lock. Run 'pod install' or update your CocoaPods installation.\" >&2\n    exit 1\nfi\n# This output is used by Xcode 'outputs' to avoid re-running this script phase.\necho \"SUCCESS\" > \"${SCRIPT_OUTPUT_FILE_0}\"\n";
			showEnvVarsInLog = 0;
		};
		5CA26AD669F45552BE5E5CC8 /* [CP] Copy Pods Resources */ = {
			isa = PBXShellScriptBuildPhase;
			buildActionMask = 2147483647;
			files = (
			);
			inputFileListPaths = (
				"${PODS_ROOT}/Target Support Files/Pods-Meddose/Pods-Meddose-resources-${CONFIGURATION}-input-files.xcfilelist",
			);
			name = "[CP] Copy Pods Resources";
			outputFileListPaths = (
				"${PODS_ROOT}/Target Support Files/Pods-Meddose/Pods-Meddose-resources-${CONFIGURATION}-output-files.xcfilelist",
			);
			runOnlyForDeploymentPostprocessing = 0;
			shellPath = /bin/sh;
			shellScript = "\"${PODS_ROOT}/Target Support Files/Pods-Meddose/Pods-Meddose-resources.sh\"\n";
			showEnvVarsInLog = 0;
		};
		77E7316F3AD6C9BCBB6DF131 /* [CP] Embed Pods Frameworks */ = {
			isa = PBXShellScriptBuildPhase;
			buildActionMask = 2147483647;
			files = (
			);
			inputFileListPaths = (
				"${PODS_ROOT}/Target Support Files/Pods-Meddose/Pods-Meddose-frameworks-${CONFIGURATION}-input-files.xcfilelist",
			);
			name = "[CP] Embed Pods Frameworks";
			outputFileListPaths = (
				"${PODS_ROOT}/Target Support Files/Pods-Meddose/Pods-Meddose-frameworks-${CONFIGURATION}-output-files.xcfilelist",
			);
			runOnlyForDeploymentPostprocessing = 0;
			shellPath = /bin/sh;
			shellScript = "\"${PODS_ROOT}/Target Support Files/Pods-Meddose/Pods-Meddose-frameworks.sh\"\n";
			showEnvVarsInLog = 0;
		};
		85DD84CF22D2953BF1002960 /* [CP] Copy Pods Resources */ = {
			isa = PBXShellScriptBuildPhase;
			buildActionMask = 2147483647;
			files = (
			);
			inputFileListPaths = (
				"${PODS_ROOT}/Target Support Files/Pods-Meddose-MeddoseTests/Pods-Meddose-MeddoseTests-resources-${CONFIGURATION}-input-files.xcfilelist",
			);
			name = "[CP] Copy Pods Resources";
			outputFileListPaths = (
				"${PODS_ROOT}/Target Support Files/Pods-Meddose-MeddoseTests/Pods-Meddose-MeddoseTests-resources-${CONFIGURATION}-output-files.xcfilelist",
			);
			runOnlyForDeploymentPostprocessing = 0;
			shellPath = /bin/sh;
			shellScript = "\"${PODS_ROOT}/Target Support Files/Pods-Meddose-MeddoseTests/Pods-Meddose-MeddoseTests-resources.sh\"\n";
			showEnvVarsInLog = 0;
		};
		A4D906751495E8730815B3D1 /* [CP] Check Pods Manifest.lock */ = {
			isa = PBXShellScriptBuildPhase;
			buildActionMask = 2147483647;
			files = (
			);
			inputFileListPaths = (
			);
			inputPaths = (
				"${PODS_PODFILE_DIR_PATH}/Podfile.lock",
				"${PODS_ROOT}/Manifest.lock",
			);
			name = "[CP] Check Pods Manifest.lock";
			outputFileListPaths = (
			);
			outputPaths = (
				"$(DERIVED_FILE_DIR)/Pods-Meddose-checkManifestLockResult.txt",
			);
			runOnlyForDeploymentPostprocessing = 0;
			shellPath = /bin/sh;
			shellScript = "diff \"${PODS_PODFILE_DIR_PATH}/Podfile.lock\" \"${PODS_ROOT}/Manifest.lock\" > /dev/null\nif [ $? != 0 ] ; then\n    # print error to STDERR\n    echo \"error: The sandbox is not in sync with the Podfile.lock. Run 'pod install' or update your CocoaPods installation.\" >&2\n    exit 1\nfi\n# This output is used by Xcode 'outputs' to avoid re-running this script phase.\necho \"SUCCESS\" > \"${SCRIPT_OUTPUT_FILE_0}\"\n";
			showEnvVarsInLog = 0;
		};
		D752E67FF54EE2C8A7C2D518 /* [CP] Embed Pods Frameworks */ = {
			isa = PBXShellScriptBuildPhase;
			buildActionMask = 2147483647;
			files = (
			);
			inputFileListPaths = (
				"${PODS_ROOT}/Target Support Files/Pods-Meddose-MeddoseTests/Pods-Meddose-MeddoseTests-frameworks-${CONFIGURATION}-input-files.xcfilelist",
			);
			name = "[CP] Embed Pods Frameworks";
			outputFileListPaths = (
				"${PODS_ROOT}/Target Support Files/Pods-Meddose-MeddoseTests/Pods-Meddose-MeddoseTests-frameworks-${CONFIGURATION}-output-files.xcfilelist",
			);
			runOnlyForDeploymentPostprocessing = 0;
			shellPath = /bin/sh;
			shellScript = "\"${PODS_ROOT}/Target Support Files/Pods-Meddose-MeddoseTests/Pods-Meddose-MeddoseTests-frameworks.sh\"\n";
			showEnvVarsInLog = 0;
		};
		E3A967431537D8838C1D9708 /* [CP] Check Pods Manifest.lock */ = {
			isa = PBXShellScriptBuildPhase;
			buildActionMask = 2147483647;
			files = (
			);
			inputFileListPaths = (
			);
			inputPaths = (
				"${PODS_PODFILE_DIR_PATH}/Podfile.lock",
				"${PODS_ROOT}/Manifest.lock",
			);
			name = "[CP] Check Pods Manifest.lock";
			outputFileListPaths = (
			);
			outputPaths = (
				"$(DERIVED_FILE_DIR)/Pods-Meddose-MeddoseTests-checkManifestLockResult.txt",
			);
			runOnlyForDeploymentPostprocessing = 0;
			shellPath = /bin/sh;
			shellScript = "diff \"${PODS_PODFILE_DIR_PATH}/Podfile.lock\" \"${PODS_ROOT}/Manifest.lock\" > /dev/null\nif [ $? != 0 ] ; then\n    # print error to STDERR\n    echo \"error: The sandbox is not in sync with the Podfile.lock. Run 'pod install' or update your CocoaPods installation.\" >&2\n    exit 1\nfi\n# This output is used by Xcode 'outputs' to avoid re-running this script phase.\necho \"SUCCESS\" > \"${SCRIPT_OUTPUT_FILE_0}\"\n";
			showEnvVarsInLog = 0;
		};
		FD10A7F022414F080027D42C /* Start Packager */ = {
			isa = PBXShellScriptBuildPhase;
			buildActionMask = 2147483647;
			files = (
			);
			inputFileListPaths = (
			);
			inputPaths = (
			);
			name = "Start Packager";
			outputFileListPaths = (
			);
			outputPaths = (
			);
			runOnlyForDeploymentPostprocessing = 0;
			shellPath = /bin/sh;
			shellScript = "export RCT_METRO_PORT=\"${RCT_METRO_PORT:=8081}\"\necho \"export RCT_METRO_PORT=${RCT_METRO_PORT}\" > \"${SRCROOT}/../node_modules/react-native/scripts/.packager.env\"\nif [ -z \"${RCT_NO_LAUNCH_PACKAGER+xxx}\" ] ; then\n  if nc -w 5 -z localhost ${RCT_METRO_PORT} ; then\n    if ! curl -s \"http://localhost:${RCT_METRO_PORT}/status\" | grep -q \"packager-status:running\" ; then\n      echo \"Port ${RCT_METRO_PORT} already in use, packager is either not running or not running correctly\"\n      exit 2\n    fi\n  else\n    open \"$SRCROOT/../node_modules/react-native/scripts/launchPackager.command\" || echo \"Can't start packager automatically\"\n  fi\nfi\n";
			showEnvVarsInLog = 0;
		};
/* End PBXShellScriptBuildPhase section */

/* Begin PBXSourcesBuildPhase section */
		00E356EA1AD99517003FC87E /* Sources */ = {
			isa = PBXSourcesBuildPhase;
			buildActionMask = 2147483647;
			files = (
				00E356F31AD99517003FC87E /* MeddoseTests.m in Sources */,
			);
			runOnlyForDeploymentPostprocessing = 0;
		};
		13B07F871A680F5B00A75B9A /* Sources */ = {
			isa = PBXSourcesBuildPhase;
			buildActionMask = 2147483647;
			files = (
				13B07FBC1A68108700A75B9A /* AppDelegate.mm in Sources */,
				13B07FC11A68108700A75B9A /* main.m in Sources */,
			);
			runOnlyForDeploymentPostprocessing = 0;
		};
		60F96AD32A124D47003BC903 /* Sources */ = {
			isa = PBXSourcesBuildPhase;
			buildActionMask = 2147483647;
			files = (
				60F96ADB2A124D47003BC903 /* NotificationService.m in Sources */,
			);
			runOnlyForDeploymentPostprocessing = 0;
		};
/* End PBXSourcesBuildPhase section */

/* Begin PBXTargetDependency section */
		00E356F51AD99517003FC87E /* PBXTargetDependency */ = {
			isa = PBXTargetDependency;
			target = 13B07F861A680F5B00A75B9A /* Meddose */;
			targetProxy = 00E356F41AD99517003FC87E /* PBXContainerItemProxy */;
		};
		60F96ADE2A124D47003BC903 /* PBXTargetDependency */ = {
			isa = PBXTargetDependency;
			target = 60F96AD62A124D47003BC903 /* OneSignalNotificationServiceExtension */;
			targetProxy = 60F96ADD2A124D47003BC903 /* PBXContainerItemProxy */;
		};
/* End PBXTargetDependency section */

/* Begin XCBuildConfiguration section */
		00E356F61AD99517003FC87E /* Debug */ = {
			isa = XCBuildConfiguration;
			baseConfigurationReference = E05F6D41F8436CE97BC14925 /* Pods-Meddose-MeddoseTests.debug.xcconfig */;
			buildSettings = {
				BUNDLE_LOADER = "$(TEST_HOST)";
				GCC_PREPROCESSOR_DEFINITIONS = (
					"DEBUG=1",
					"$(inherited)",
				);
				INFOPLIST_FILE = MeddoseTests/Info.plist;
				IPHONEOS_DEPLOYMENT_TARGET = 12.4;
				LD_RUNPATH_SEARCH_PATHS = (
					"$(inherited)",
					"@executable_path/Frameworks",
					"@loader_path/Frameworks",
				);
				OTHER_LDFLAGS = (
					"-ObjC",
					"-lc++",
					"$(inherited)",
				);
				PRODUCT_BUNDLE_IDENTIFIER = "com.meddose";
				PRODUCT_NAME = "$(TARGET_NAME)";
				TEST_HOST = "$(BUILT_PRODUCTS_DIR)/Meddose.app/Meddose";
			};
			name = Debug;
		};
		00E356F71AD99517003FC87E /* Release */ = {
			isa = XCBuildConfiguration;
			baseConfigurationReference = 618C1176DEF6CCBC628A6B74 /* Pods-Meddose-MeddoseTests.release.xcconfig */;
			buildSettings = {
				BUNDLE_LOADER = "$(TEST_HOST)";
				COPY_PHASE_STRIP = NO;
				INFOPLIST_FILE = MeddoseTests/Info.plist;
				IPHONEOS_DEPLOYMENT_TARGET = 12.4;
				LD_RUNPATH_SEARCH_PATHS = (
					"$(inherited)",
					"@executable_path/Frameworks",
					"@loader_path/Frameworks",
				);
				OTHER_LDFLAGS = (
					"-ObjC",
					"-lc++",
					"$(inherited)",
				);
				PRODUCT_BUNDLE_IDENTIFIER = "com.meddose";
				PRODUCT_NAME = "$(TARGET_NAME)";
				TEST_HOST = "$(BUILT_PRODUCTS_DIR)/Meddose.app/Meddose";
			};
			name = Release;
		};
		13B07F941A680F5B00A75B9A /* Debug */ = {
			isa = XCBuildConfiguration;
			baseConfigurationReference = 0C559CF601A9C337CC27DEF5 /* Pods-Meddose.debug.xcconfig */;
			buildSettings = {
				ASSETCATALOG_COMPILER_APPICON_NAME = AppIcon;
				CLANG_ENABLE_MODULES = YES;
				CODE_SIGN_ENTITLEMENTS = Meddose/Meddose.entitlements;
				CURRENT_PROJECT_VERSION = 1;
				DEVELOPMENT_TEAM = TQ575FRL33;
				ENABLE_BITCODE = NO;
				INFOPLIST_FILE = Meddose/Info.plist;
				INFOPLIST_KEY_CFBundleDisplayName = Meddose;
				IPHONEOS_DEPLOYMENT_TARGET = 15.4;
				LD_RUNPATH_SEARCH_PATHS = (
					"$(inherited)",
					"@executable_path/Frameworks",
				);
				MARKETING_VERSION = 1.9;
				OTHER_LDFLAGS = (
					"$(inherited)",
					"-ObjC",
					"-lc++",
				);
				PRODUCT_BUNDLE_IDENTIFIER = "com.meddose";
				PRODUCT_NAME = Meddose;
				SWIFT_OPTIMIZATION_LEVEL = "-Onone";
				SWIFT_VERSION = 5.0;
				VERSIONING_SYSTEM = "apple-generic";
			};
			name = Debug;
		};
		13B07F951A680F5B00A75B9A /* Release */ = {
			isa = XCBuildConfiguration;
			baseConfigurationReference = C4CB75CD902A55BCD5D0C5DF /* Pods-Meddose.release.xcconfig */;
			buildSettings = {
				ASSETCATALOG_COMPILER_APPICON_NAME = AppIcon;
				CLANG_ENABLE_MODULES = YES;
				CODE_SIGN_ENTITLEMENTS = Meddose/Meddose.entitlements;
				CURRENT_PROJECT_VERSION = 1;
				DEVELOPMENT_TEAM = TQ575FRL33;
				INFOPLIST_FILE = Meddose/Info.plist;
				INFOPLIST_KEY_CFBundleDisplayName = Meddose;
				IPHONEOS_DEPLOYMENT_TARGET = 15.4;
				LD_RUNPATH_SEARCH_PATHS = (
					"$(inherited)",
					"@executable_path/Frameworks",
				);
				MARKETING_VERSION = 1.9;
				OTHER_LDFLAGS = (
					"$(inherited)",
					"-ObjC",
					"-lc++",
				);
				PRODUCT_BUNDLE_IDENTIFIER = "com.meddose";
				PRODUCT_NAME = Meddose;
				SWIFT_VERSION = 5.0;
				VERSIONING_SYSTEM = "apple-generic";
			};
			name = Release;
		};
		60F96AE12A124D47003BC903 /* Debug */ = {
			isa = XCBuildConfiguration;
			baseConfigurationReference = 72922FF7080F5A6D1547F5F7 /* Pods-OneSignalNotificationServiceExtension.debug.xcconfig */;
			buildSettings = {
				CLANG_ANALYZER_NONNULL = YES;
				CLANG_ANALYZER_NUMBER_OBJECT_CONVERSION = YES_AGGRESSIVE;
				CLANG_CXX_LANGUAGE_STANDARD = "gnu++20";
				CLANG_ENABLE_OBJC_WEAK = YES;
				CLANG_WARN_DOCUMENTATION_COMMENTS = YES;
				CLANG_WARN_UNGUARDED_AVAILABILITY = YES_AGGRESSIVE;
				CODE_SIGN_ENTITLEMENTS = OneSignalNotificationServiceExtension/OneSignalNotificationServiceExtension.entitlements;
				CODE_SIGN_STYLE = Automatic;
				CURRENT_PROJECT_VERSION = 1;
				DEBUG_INFORMATION_FORMAT = dwarf;
				DEVELOPMENT_TEAM = TQ575FRL33;
				GCC_C_LANGUAGE_STANDARD = gnu11;
				GENERATE_INFOPLIST_FILE = YES;
				INFOPLIST_FILE = OneSignalNotificationServiceExtension/Info.plist;
				INFOPLIST_KEY_CFBundleDisplayName = OneSignalNotificationServiceExtension;
				INFOPLIST_KEY_NSHumanReadableCopyright = "";
				IPHONEOS_DEPLOYMENT_TARGET = 11.0;
				LD_RUNPATH_SEARCH_PATHS = (
					"$(inherited)",
					"@executable_path/Frameworks",
					"@executable_path/../../Frameworks",
				);
				MARKETING_VERSION = 1.0;
				MTL_ENABLE_DEBUG_INFO = INCLUDE_SOURCE;
				MTL_FAST_MATH = YES;
				PRODUCT_BUNDLE_IDENTIFIER = "com.meddose";
				PRODUCT_NAME = "$(TARGET_NAME)";
				SKIP_INSTALL = YES;
				SWIFT_EMIT_LOC_STRINGS = YES;
				TARGETED_DEVICE_FAMILY = 1;
			};
			name = Debug;
		};
		60F96AE22A124D47003BC903 /* Release */ = {
			isa = XCBuildConfiguration;
			baseConfigurationReference = C17FED27FB7928320413B63C /* Pods-OneSignalNotificationServiceExtension.release.xcconfig */;
			buildSettings = {
				CLANG_ANALYZER_NONNULL = YES;
				CLANG_ANALYZER_NUMBER_OBJECT_CONVERSION = YES_AGGRESSIVE;
				CLANG_CXX_LANGUAGE_STANDARD = "gnu++20";
				CLANG_ENABLE_OBJC_WEAK = YES;
				CLANG_WARN_DOCUMENTATION_COMMENTS = YES;
				CLANG_WARN_UNGUARDED_AVAILABILITY = YES_AGGRESSIVE;
				CODE_SIGN_ENTITLEMENTS = OneSignalNotificationServiceExtension/OneSignalNotificationServiceExtension.entitlements;
				CODE_SIGN_STYLE = Automatic;
				COPY_PHASE_STRIP = NO;
				CURRENT_PROJECT_VERSION = 1;
				DEBUG_INFORMATION_FORMAT = "dwarf-with-dsym";
				DEVELOPMENT_TEAM = TQ575FRL33;
				GCC_C_LANGUAGE_STANDARD = gnu11;
				GENERATE_INFOPLIST_FILE = YES;
				INFOPLIST_FILE = OneSignalNotificationServiceExtension/Info.plist;
				INFOPLIST_KEY_CFBundleDisplayName = OneSignalNotificationServiceExtension;
				INFOPLIST_KEY_NSHumanReadableCopyright = "";
				IPHONEOS_DEPLOYMENT_TARGET = 11.0;
				LD_RUNPATH_SEARCH_PATHS = (
					"$(inherited)",
					"@executable_path/Frameworks",
					"@executable_path/../../Frameworks",
				);
				MARKETING_VERSION = 1.0;
				MTL_FAST_MATH = YES;
				PRODUCT_BUNDLE_IDENTIFIER = "com.meddose";
				PRODUCT_NAME = "$(TARGET_NAME)";
				SKIP_INSTALL = YES;
				SWIFT_EMIT_LOC_STRINGS = YES;
				TARGETED_DEVICE_FAMILY = 1;
			};
			name = Release;
		};
		83CBBA201A601CBA00E9B192 /* Debug */ = {
			isa = XCBuildConfiguration;
			buildSettings = {
				ALWAYS_SEARCH_USER_PATHS = NO;
				CLANG_ANALYZER_LOCALIZABILITY_NONLOCALIZED = YES;
				CLANG_CXX_LANGUAGE_STANDARD = "c++17";
				CLANG_CXX_LIBRARY = "libc++";
				CLANG_ENABLE_MODULES = YES;
				CLANG_ENABLE_OBJC_ARC = YES;
				CLANG_WARN_BLOCK_CAPTURE_AUTORELEASING = YES;
				CLANG_WARN_BOOL_CONVERSION = YES;
				CLANG_WARN_COMMA = YES;
				CLANG_WARN_CONSTANT_CONVERSION = YES;
				CLANG_WARN_DEPRECATED_OBJC_IMPLEMENTATIONS = YES;
				CLANG_WARN_DIRECT_OBJC_ISA_USAGE = YES_ERROR;
				CLANG_WARN_EMPTY_BODY = YES;
				CLANG_WARN_ENUM_CONVERSION = YES;
				CLANG_WARN_INFINITE_RECURSION = YES;
				CLANG_WARN_INT_CONVERSION = YES;
				CLANG_WARN_NON_LITERAL_NULL_CONVERSION = YES;
				CLANG_WARN_OBJC_IMPLICIT_RETAIN_SELF = YES;
				CLANG_WARN_OBJC_LITERAL_CONVERSION = YES;
				CLANG_WARN_OBJC_ROOT_CLASS = YES_ERROR;
				CLANG_WARN_QUOTED_INCLUDE_IN_FRAMEWORK_HEADER = YES;
				CLANG_WARN_RANGE_LOOP_ANALYSIS = YES;
				CLANG_WARN_STRICT_PROTOTYPES = YES;
				CLANG_WARN_SUSPICIOUS_MOVE = YES;
				CLANG_WARN_UNREACHABLE_CODE = YES;
				CLANG_WARN__DUPLICATE_METHOD_MATCH = YES;
				"CODE_SIGN_IDENTITY[sdk=iphoneos*]" = "iPhone Developer";
				COPY_PHASE_STRIP = NO;
				ENABLE_STRICT_OBJC_MSGSEND = YES;
				ENABLE_TESTABILITY = YES;
				"EXCLUDED_ARCHS[sdk=iphonesimulator*]" = i386;
				GCC_C_LANGUAGE_STANDARD = gnu99;
				GCC_DYNAMIC_NO_PIC = NO;
				GCC_NO_COMMON_BLOCKS = YES;
				GCC_OPTIMIZATION_LEVEL = 0;
				GCC_PREPROCESSOR_DEFINITIONS = (
					"DEBUG=1",
					"$(inherited)",
				);
				GCC_SYMBOLS_PRIVATE_EXTERN = NO;
				GCC_WARN_64_TO_32_BIT_CONVERSION = YES;
				GCC_WARN_ABOUT_RETURN_TYPE = YES_ERROR;
				GCC_WARN_UNDECLARED_SELECTOR = YES;
				GCC_WARN_UNINITIALIZED_AUTOS = YES_AGGRESSIVE;
				GCC_WARN_UNUSED_FUNCTION = YES;
				GCC_WARN_UNUSED_VARIABLE = YES;
				IPHONEOS_DEPLOYMENT_TARGET = 12.4;
				LD_RUNPATH_SEARCH_PATHS = (
					/usr/lib/swift,
					"$(inherited)",
				);
				LIBRARY_SEARCH_PATHS = (
					"\"$(SDKROOT)/usr/lib/swift\"",
					"\"$(TOOLCHAIN_DIR)/usr/lib/swift/$(PLATFORM_NAME)\"",
					"\"$(inherited)\"",
				);
				MTL_ENABLE_DEBUG_INFO = YES;
				ONLY_ACTIVE_ARCH = YES;
				OTHER_CPLUSPLUSFLAGS = (
					"$(OTHER_CFLAGS)",
					"-DFOLLY_NO_CONFIG",
					"-DFOLLY_MOBILE=1",
					"-DFOLLY_USE_LIBCPP=1",
				);
				REACT_NATIVE_PATH = "${PODS_ROOT}/../../node_modules/react-native";
				SDKROOT = iphoneos;
			};
			name = Debug;
		};
		83CBBA211A601CBA00E9B192 /* Release */ = {
			isa = XCBuildConfiguration;
			buildSettings = {
				ALWAYS_SEARCH_USER_PATHS = NO;
				CLANG_ANALYZER_LOCALIZABILITY_NONLOCALIZED = YES;
				CLANG_CXX_LANGUAGE_STANDARD = "c++17";
				CLANG_CXX_LIBRARY = "libc++";
				CLANG_ENABLE_MODULES = YES;
				CLANG_ENABLE_OBJC_ARC = YES;
				CLANG_WARN_BLOCK_CAPTURE_AUTORELEASING = YES;
				CLANG_WARN_BOOL_CONVERSION = YES;
				CLANG_WARN_COMMA = YES;
				CLANG_WARN_CONSTANT_CONVERSION = YES;
				CLANG_WARN_DEPRECATED_OBJC_IMPLEMENTATIONS = YES;
				CLANG_WARN_DIRECT_OBJC_ISA_USAGE = YES_ERROR;
				CLANG_WARN_EMPTY_BODY = YES;
				CLANG_WARN_ENUM_CONVERSION = YES;
				CLANG_WARN_INFINITE_RECURSION = YES;
				CLANG_WARN_INT_CONVERSION = YES;
				CLANG_WARN_NON_LITERAL_NULL_CONVERSION = YES;
				CLANG_WARN_OBJC_IMPLICIT_RETAIN_SELF = YES;
				CLANG_WARN_OBJC_LITERAL_CONVERSION = YES;
				CLANG_WARN_OBJC_ROOT_CLASS = YES_ERROR;
				CLANG_WARN_QUOTED_INCLUDE_IN_FRAMEWORK_HEADER = YES;
				CLANG_WARN_RANGE_LOOP_ANALYSIS = YES;
				CLANG_WARN_STRICT_PROTOTYPES = YES;
				CLANG_WARN_SUSPICIOUS_MOVE = YES;
				CLANG_WARN_UNREACHABLE_CODE = YES;
				CLANG_WARN__DUPLICATE_METHOD_MATCH = YES;
				"CODE_SIGN_IDENTITY[sdk=iphoneos*]" = "iPhone Developer";
				COPY_PHASE_STRIP = YES;
				ENABLE_NS_ASSERTIONS = NO;
				ENABLE_STRICT_OBJC_MSGSEND = YES;
				"EXCLUDED_ARCHS[sdk=iphonesimulator*]" = i386;
				GCC_C_LANGUAGE_STANDARD = gnu99;
				GCC_NO_COMMON_BLOCKS = YES;
				GCC_WARN_64_TO_32_BIT_CONVERSION = YES;
				GCC_WARN_ABOUT_RETURN_TYPE = YES_ERROR;
				GCC_WARN_UNDECLARED_SELECTOR = YES;
				GCC_WARN_UNINITIALIZED_AUTOS = YES_AGGRESSIVE;
				GCC_WARN_UNUSED_FUNCTION = YES;
				GCC_WARN_UNUSED_VARIABLE = YES;
				IPHONEOS_DEPLOYMENT_TARGET = 12.4;
				LD_RUNPATH_SEARCH_PATHS = (
					/usr/lib/swift,
					"$(inherited)",
				);
				LIBRARY_SEARCH_PATHS = (
					"\"$(SDKROOT)/usr/lib/swift\"",
					"\"$(TOOLCHAIN_DIR)/usr/lib/swift/$(PLATFORM_NAME)\"",
					"\"$(inherited)\"",
				);
				MTL_ENABLE_DEBUG_INFO = NO;
				OTHER_CPLUSPLUSFLAGS = (
					"$(OTHER_CFLAGS)",
					"-DFOLLY_NO_CONFIG",
					"-DFOLLY_MOBILE=1",
					"-DFOLLY_USE_LIBCPP=1",
				);
				REACT_NATIVE_PATH = "${PODS_ROOT}/../../node_modules/react-native";
				SDKROOT = iphoneos;
				VALIDATE_PRODUCT = YES;
			};
			name = Release;
		};
/* End XCBuildConfiguration section */

/* Begin XCConfigurationList section */
		00E357021AD99517003FC87E /* Build configuration list for PBXNativeTarget "MeddoseTests" */ = {
			isa = XCConfigurationList;
			buildConfigurations = (
				00E356F61AD99517003FC87E /* Debug */,
				00E356F71AD99517003FC87E /* Release */,
			);
			defaultConfigurationIsVisible = 0;
			defaultConfigurationName = Release;
		};
		13B07F931A680F5B00A75B9A /* Build configuration list for PBXNativeTarget "Meddose" */ = {
			isa = XCConfigurationList;
			buildConfigurations = (
				13B07F941A680F5B00A75B9A /* Debug */,
				13B07F951A680F5B00A75B9A /* Release */,
			);
			defaultConfigurationIsVisible = 0;
			defaultConfigurationName = Release;
		};
		60F96AE02A124D47003BC903 /* Build configuration list for PBXNativeTarget "OneSignalNotificationServiceExtension" */ = {
			isa = XCConfigurationList;
			buildConfigurations = (
				60F96AE12A124D47003BC903 /* Debug */,
				60F96AE22A124D47003BC903 /* Release */,
			);
			defaultConfigurationIsVisible = 0;
			defaultConfigurationName = Release;
		};
		83CBB9FA1A601CBA00E9B192 /* Build configuration list for PBXProject "meddose" */ = {
			isa = XCConfigurationList;
			buildConfigurations = (
				83CBBA201A601CBA00E9B192 /* Debug */,
				83CBBA211A601CBA00E9B192 /* Release */,
			);
			defaultConfigurationIsVisible = 0;
			defaultConfigurationName = Release;
		};
/* End XCConfigurationList section */
	};
	rootObject = 83CBB9F71A601CBA00E9B192 /* Project object */;
}
